# THIS IS AN AUTOGENERATED FILE. DO NOT EDIT THIS FILE DIRECTLY.
# yarn lockfile v1


"@types/node@*":
  version "11.11.3"
  resolved "https://registry.yarnpkg.com/@types/node/-/node-11.11.3.tgz#7c6b0f8eaf16ae530795de2ad1b85d34bf2f5c58"
  integrity sha512-wp6IOGu1lxsfnrD+5mX6qwSwWuqsdkKKxTN4aQc4wByHAKZJf9/D4KXPQ1POUjEbnCP5LMggB0OEFNY9OTsMqg==

"@types/unist@*", "@types/unist@^2.0.0":
  version "2.0.3"
  resolved "https://registry.yarnpkg.com/@types/unist/-/unist-2.0.3.tgz#9c088679876f374eb5983f150d4787aa6fb32d7e"
  integrity sha512-FvUupuM3rlRsRtCN+fDudtmytGO6iHJuuRKS1Ss0pG5z8oX0diNEw94UEL7hgDbpN94rgaK5R7sWm6RrSkZuAQ==

"@types/vfile-message@*":
  version "1.0.1"
  resolved "https://registry.yarnpkg.com/@types/vfile-message/-/vfile-message-1.0.1.tgz#e1e9895cc6b36c462d4244e64e6d0b6eaf65355a"
  integrity sha512-mlGER3Aqmq7bqR1tTTIVHq8KSAFFRyGbrxuM8C/H82g6k7r2fS+IMEkIu3D7JHzG10NvPdR8DNx0jr0pwpp4dA==
  dependencies:
    "@types/node" "*"
    "@types/unist" "*"

"@types/vfile@^3.0.0":
  version "3.0.2"
  resolved "https://registry.yarnpkg.com/@types/vfile/-/vfile-3.0.2.tgz#19c18cd232df11ce6fa6ad80259bc86c366b09b9"
  integrity sha512-b3nLFGaGkJ9rzOcuXRfHkZMdjsawuDD0ENL9fzTophtBg8FJHSGbH7daXkEpcwy3v7Xol3pAvsmlYyFhR4pqJw==
  dependencies:
    "@types/node" "*"
    "@types/unist" "*"
    "@types/vfile-message" "*"

ansi-regex@^3.0.0:
  version "3.0.0"
  resolved "https://registry.yarnpkg.com/ansi-regex/-/ansi-regex-3.0.0.tgz#ed0317c322064f79466c02966bddb605ab37d998"
  integrity sha1-7QMXwyIGT3lGbAKWa922Bas32Zg=

array-iterate@^1.0.0:
  version "1.1.2"
  resolved "https://registry.yarnpkg.com/array-iterate/-/array-iterate-1.1.2.tgz#f66a57e84426f8097f4197fbb6c051b8e5cdf7d8"
  integrity sha512-1hWSHTIlG/8wtYD+PPX5AOBtKWngpDFjrsrHgZpe+JdgNGz0udYu6ZIkAa/xuenIUEqFv7DvE2Yr60jxweJSrQ==

bail@^1.0.0:
  version "1.0.3"
  resolved "https://registry.yarnpkg.com/bail/-/bail-1.0.3.tgz#63cfb9ddbac829b02a3128cd53224be78e6c21a3"
  integrity sha512-1X8CnjFVQ+a+KW36uBNMTU5s8+v5FzeqrP7hTG5aTb4aPreSbZJlhwPon9VKMuEVgV++JM+SQrALY3kr7eswdg==

boolbase@~1.0.0:
  version "1.0.0"
  resolved "https://registry.yarnpkg.com/boolbase/-/boolbase-1.0.0.tgz#68dff5fbe60c51eb37725ea9e3ed310dcc1e776e"
  integrity sha1-aN/1++YMUes3cl6p4+0xDcwed24=

ccount@^1.0.0, ccount@^1.0.3:
  version "1.0.3"
  resolved "https://registry.yarnpkg.com/ccount/-/ccount-1.0.3.tgz#f1cec43f332e2ea5a569fd46f9f5bde4e6102aff"
  integrity sha512-Jt9tIBkRc9POUof7QA/VwWd+58fKkEEfI+/t1/eOlxKM7ZhrczNzMFefge7Ai+39y1pR/pP6cI19guHy3FSLmw==

character-entities-html4@^1.0.0:
  version "1.1.2"
  resolved "https://registry.yarnpkg.com/character-entities-html4/-/character-entities-html4-1.1.2.tgz#c44fdde3ce66b52e8d321d6c1bf46101f0150610"
  integrity sha512-sIrXwyna2+5b0eB9W149izTPJk/KkJTg6mEzDGibwBUkyH1SbDa+nf515Ppdi3MaH35lW0JFJDWeq9Luzes1Iw==

character-entities-legacy@^1.0.0:
  version "1.1.2"
  resolved "https://registry.yarnpkg.com/character-entities-legacy/-/character-entities-legacy-1.1.2.tgz#7c6defb81648498222c9855309953d05f4d63a9c"
  integrity sha512-9NB2VbXtXYWdXzqrvAHykE/f0QJxzaKIpZ5QzNZrrgQ7Iyxr2vnfS8fCBNVW9nUEZE0lo57nxKRqnzY/dKrwlA==

character-entities@^1.0.0:
  version "1.2.2"
  resolved "https://registry.yarnpkg.com/character-entities/-/character-entities-1.2.2.tgz#58c8f371c0774ef0ba9b2aca5f00d8f100e6e363"
  integrity sha512-sMoHX6/nBiy3KKfC78dnEalnpn0Az0oSNvqUWYTtYrhRI5iUIYsROU48G+E+kMFQzqXaJ8kHJZ85n7y6/PHgwQ==

character-reference-invalid@^1.0.0:
  version "1.1.2"
  resolved "https://registry.yarnpkg.com/character-reference-invalid/-/character-reference-invalid-1.1.2.tgz#21e421ad3d84055952dab4a43a04e73cd425d3ed"
  integrity sha512-7I/xceXfKyUJmSAn/jw8ve/9DyOP7XxufNYLI9Px7CmsKgEUaZLUTax6nZxGQtaoiZCjpu6cHPj20xC/vqRReQ==

cheerio@^1.0.0-rc.2:
  version "1.0.0-rc.2"
  resolved "https://registry.yarnpkg.com/cheerio/-/cheerio-1.0.0-rc.2.tgz#4b9f53a81b27e4d5dac31c0ffd0cfa03cc6830db"
  integrity sha1-S59TqBsn5NXawxwP/Qz6A8xoMNs=
  dependencies:
    css-select "~1.2.0"
    dom-serializer "~0.1.0"
    entities "~1.1.1"
    htmlparser2 "^3.9.1"
    lodash "^4.15.0"
    parse5 "^3.0.1"

clone@^2.1.2:
  version "2.1.2"
  resolved "https://registry.yarnpkg.com/clone/-/clone-2.1.2.tgz#1b7f4b9f591f1e8f83670401600345a02887435f"
  integrity sha1-G39Ln1kfHo+DZwQBYANFoCiHQ18=

collapse-white-space@^1.0.0, collapse-white-space@^1.0.2:
  version "1.0.4"
  resolved "https://registry.yarnpkg.com/collapse-white-space/-/collapse-white-space-1.0.4.tgz#ce05cf49e54c3277ae573036a26851ba430a0091"
  integrity sha512-YfQ1tAUZm561vpYD+5eyWN8+UsceQbSrqqlc/6zDY2gtAE+uZLSdkkovhnGpmCThsvKBFakq4EdY/FF93E8XIw==

comma-separated-tokens@^1.0.0, comma-separated-tokens@^1.0.1:
  version "1.0.5"
  resolved "https://registry.yarnpkg.com/comma-separated-tokens/-/comma-separated-tokens-1.0.5.tgz#b13793131d9ea2d2431cf5b507ddec258f0ce0db"
  integrity sha512-Cg90/fcK93n0ecgYTAz1jaA3zvnQ0ExlmKY1rdbyHqAx6BHxwoJc+J7HDu0iuQ7ixEs1qaa+WyQ6oeuBpYP1iA==
  dependencies:
    trim "0.0.1"

css-select@~1.2.0:
  version "1.2.0"
  resolved "https://registry.yarnpkg.com/css-select/-/css-select-1.2.0.tgz#2b3a110539c5355f1cd8d314623e870b121ec858"
  integrity sha1-KzoRBTnFNV8c2NMUYj6HCxIeyFg=
  dependencies:
    boolbase "~1.0.0"
    css-what "2.1"
    domutils "1.5.1"
    nth-check "~1.0.1"

css-what@2.1:
  version "2.1.3"
  resolved "https://registry.yarnpkg.com/css-what/-/css-what-2.1.3.tgz#a6d7604573365fe74686c3f311c56513d88285f2"
  integrity sha512-a+EPoD+uZiNfh+5fxw2nO9QwFa6nJe2Or35fGY6Ipw1R3R4AGz1d1TEZrCegvw2YTmZ0jXirGYlzxxpYSHwpEg==

detab@^2.0.0:
  version "2.0.1"
  resolved "https://registry.yarnpkg.com/detab/-/detab-2.0.1.tgz#531f5e326620e2fd4f03264a905fb3bcc8af4df4"
  integrity sha512-/hhdqdQc5thGrqzjyO/pz76lDZ5GSuAs6goxOaKTsvPk7HNnzAyFN5lyHgqpX4/s1i66K8qMGj+VhA9504x7DQ==
  dependencies:
    repeat-string "^1.5.4"

doctype@^2.0.0:
  version "2.0.2"
  resolved "https://registry.yarnpkg.com/doctype/-/doctype-2.0.2.tgz#b791fb52f57f300a3e81d1b2816517c044ff1432"
  integrity sha512-RuESV/brHB7HGyUWzlHvFaaHQspzld15CC0RG+nzbuD+KQNDvxWmbubGrhqwF0SJqbbEGt8lncSTtghI/vNb6Q==

dom-serializer@0, dom-serializer@~0.1.0:
  version "0.1.1"
  resolved "https://registry.yarnpkg.com/dom-serializer/-/dom-serializer-0.1.1.tgz#1ec4059e284babed36eec2941d4a970a189ce7c0"
  integrity sha512-l0IU0pPzLWSHBcieZbpOKgkIn3ts3vAh7ZuFyXNwJxJXk/c4Gwj9xaTJwIDVQCXawWD0qb3IzMGH5rglQaO0XA==
  dependencies:
    domelementtype "^1.3.0"
    entities "^1.1.1"

domelementtype@1, domelementtype@^1.3.0, domelementtype@^1.3.1:
  version "1.3.1"
  resolved "https://registry.yarnpkg.com/domelementtype/-/domelementtype-1.3.1.tgz#d048c44b37b0d10a7f2a3d5fee3f4333d790481f"
  integrity sha512-BSKB+TSpMpFI/HOxCNr1O8aMOTZ8hT3pM3GQ0w/mWRmkhEDSFJkkyzz4XQsBV44BChwGkrDfMyjVD0eA2aFV3w==

domhandler@^2.3.0:
  version "2.4.2"
  resolved "https://registry.yarnpkg.com/domhandler/-/domhandler-2.4.2.tgz#8805097e933d65e85546f726d60f5eb88b44f803"
  integrity sha512-JiK04h0Ht5u/80fdLMCEmV4zkNh2BcoMFBmZ/91WtYZ8qVXSKjiw7fXMgFPnHcSZgOo3XdinHvmnDUeMf5R4wA==
  dependencies:
    domelementtype "1"

domutils@1.5.1:
  version "1.5.1"
  resolved "https://registry.yarnpkg.com/domutils/-/domutils-1.5.1.tgz#dcd8488a26f563d61079e48c9f7b7e32373682cf"
  integrity sha1-3NhIiib1Y9YQeeSMn3t+Mjc2gs8=
  dependencies:
    dom-serializer "0"
    domelementtype "1"

domutils@^1.5.1:
  version "1.7.0"
  resolved "https://registry.yarnpkg.com/domutils/-/domutils-1.7.0.tgz#56ea341e834e06e6748af7a1cb25da67ea9f8c2a"
  integrity sha512-Lgd2XcJ/NjEw+7tFvfKxOzCYKZsdct5lczQ2ZaQY8Djz7pfAD3Gbp8ySJWtreII/vDlMVmxwa6pHmdxIYgttDg==
  dependencies:
    dom-serializer "0"
    domelementtype "1"

entities@^1.1.1, entities@~1.1.1:
  version "1.1.2"
  resolved "https://registry.yarnpkg.com/entities/-/entities-1.1.2.tgz#bdfa735299664dfafd34529ed4f8522a275fea56"
  integrity sha512-f2LZMYl1Fzu7YSBKg+RoROelpOaNrcGmE9AZubeDfrCEia483oW4MI4VyFd5VNHIgQ/7qm1I0wUHK1eJnn2y2w==

extend@^3.0.0:
  version "3.0.2"
  resolved "https://registry.yarnpkg.com/extend/-/extend-3.0.2.tgz#f8b1136b4071fbd8eb140aff858b1019ec2915fa"
  integrity sha512-fjquC59cD7CyW6urNXK0FBufkZcoiGG80wTuPujX590cB5Ttln20E2UB4S/WARVqhXffZl2LNgS+gQdPIIim/g==

has-flag@^3.0.0:
  version "3.0.0"
  resolved "https://registry.yarnpkg.com/has-flag/-/has-flag-3.0.0.tgz#b5d454dc2199ae225699f3467e5a07f3b955bafd"
  integrity sha1-tdRU3CGZriJWmfNGfloH87lVuv0=

hast-util-embedded@^1.0.0, hast-util-embedded@^1.0.1:
  version "1.0.2"
  resolved "https://registry.yarnpkg.com/hast-util-embedded/-/hast-util-embedded-1.0.2.tgz#b1e7a152a116f140be96db35683ae5df0d153dd6"
  integrity sha512-m09+gydYBWVT2Csfau4OtkzpMV5HYtWrTTT1cbokW/Pqz/6re8qP2wZ9zuMmBz3SfBQVXyLJF+9q8Ut//KED4w==
  dependencies:
    hast-util-is-element "^1.0.0"

hast-util-from-parse5@^5.0.0:
  version "5.0.0"
  resolved "https://registry.yarnpkg.com/hast-util-from-parse5/-/hast-util-from-parse5-5.0.0.tgz#a505a05766e0f96e389bfb0b1dd809eeefcef47b"
  integrity sha512-A7ev5OseS/J15214cvDdcI62uwovJO2PB60Xhnq7kaxvvQRFDEccuqbkrFXU03GPBGopdPqlpQBRqIcDS/Fjbg==
  dependencies:
    ccount "^1.0.3"
    hastscript "^5.0.0"
    property-information "^5.0.0"
    web-namespaces "^1.1.2"
    xtend "^4.0.1"

hast-util-has-property@^1.0.0:
  version "1.0.2"
  resolved "https://registry.yarnpkg.com/hast-util-has-property/-/hast-util-has-property-1.0.2.tgz#4c9c3c6122fcc84a5b7c40a573940aaa4b8a8278"
  integrity sha512-EBzRiKIIe9wouLSjqun5ti0oYcEe5U1eEpuOPtcihmP3KvFRovOmmXypf1B/QalQr9S4YoVgLOSg6gW98ihRbA==

hast-util-is-body-ok-link@^1.0.0:
  version "1.0.1"
  resolved "https://registry.yarnpkg.com/hast-util-is-body-ok-link/-/hast-util-is-body-ok-link-1.0.1.tgz#f5d8893f4f21fa1ae51c059ac29abdbc8e6e6046"
  integrity sha512-qFDY0oz0lbc0DOcy61BSgJo+wi/ykFs4p95YjrtRP81eNfmBPs/Z0j4WLFmepJ6znfxLlRcPpic8FOdzCD5aKw==
  dependencies:
    hast-util-has-property "^1.0.0"
    hast-util-is-element "^1.0.0"

hast-util-is-element@^1.0.0:
  version "1.0.2"
  resolved "https://registry.yarnpkg.com/hast-util-is-element/-/hast-util-is-element-1.0.2.tgz#c23c9428b6a5a4e323bf9e16f87417476314981b"
  integrity sha512-4MEtyofNi3ZunPFrp9NpTQdNPN24xvLX3M+Lr/RGgPX6TLi+wR4/DqeoyQ7lwWcfUp4aevdt4RR0r7ZQPFbHxw==

hast-util-parse-selector@^2.2.0:
  version "2.2.1"
  resolved "https://registry.yarnpkg.com/hast-util-parse-selector/-/hast-util-parse-selector-2.2.1.tgz#4ddbae1ae12c124e3eb91b581d2556441766f0ab"
  integrity sha512-Xyh0v+nHmQvrOqop2Jqd8gOdyQtE8sIP9IQf7mlVDqp924W4w/8Liuguk2L2qei9hARnQSG2m+wAOCxM7npJVw==

hast-util-phrasing@^1.0.0:
  version "1.0.2"
  resolved "https://registry.yarnpkg.com/hast-util-phrasing/-/hast-util-phrasing-1.0.2.tgz#150edd3eeec94b02f7c38389eb1bc4a16976a879"
  integrity sha512-ByuTJ2k+euyw0Q58LNCwl2xl1I9NRk6wEUADKYDwL3xS5L2asv9nNsCp1rohnSSq+O+2dsvIX1Z1UAYUnxFmfA==
  dependencies:
    hast-util-embedded "^1.0.0"
    hast-util-has-property "^1.0.0"
    hast-util-is-body-ok-link "^1.0.0"
    hast-util-is-element "^1.0.0"

hast-util-sanitize@^1.0.0:
  version "1.3.0"
  resolved "https://registry.yarnpkg.com/hast-util-sanitize/-/hast-util-sanitize-1.3.0.tgz#3189dc3b87d75a9c2e8618433167b4ad27b4facc"
  integrity sha512-rQeetoD08jHmDOUYN6h9vTuE0hQN4wymhtkQZ6whHtcjaLpjw5RYAbcdxx9cMgMWERDsSs79UpqHuBLlUHKeOw==
  dependencies:
    xtend "^4.0.1"

hast-util-to-html@^5.0.0:
  version "5.0.0"
  resolved "https://registry.yarnpkg.com/hast-util-to-html/-/hast-util-to-html-5.0.0.tgz#8b5c9710adb0689e3603f552f3104de2507aca35"
  integrity sha512-vYbSEixfYD3CIqd1rN1Q4T0z0Tyodht0jNst940ESz9g7eaFc0FJADMkdVvlHqDsXVok0vji8FukrBfAH91BWQ==
  dependencies:
    ccount "^1.0.0"
    comma-separated-tokens "^1.0.1"
    hast-util-is-element "^1.0.0"
    hast-util-whitespace "^1.0.0"
    html-void-elements "^1.0.0"
    property-information "^5.0.0"
    space-separated-tokens "^1.0.0"
    stringify-entities "^1.0.1"
    unist-util-is "^2.0.0"
    xtend "^4.0.1"

hast-util-to-mdast@^4.0.0:
  version "4.0.0"
  resolved "https://registry.yarnpkg.com/hast-util-to-mdast/-/hast-util-to-mdast-4.0.0.tgz#835b0d75febc34d95d83cd0c72b349385768db8f"
  integrity sha512-3mHEoA5UF0imbdSFR6hhKKzDLF4m5G4nlNziAYS7wdN0ySetgAZT/5moFjWaYfnxPnY/3Ml5li7/ika2cVL+qg==
  dependencies:
    hast-util-has-property "^1.0.0"
    hast-util-is-element "^1.0.0"
    hast-util-to-string "^1.0.0"
    mdast-util-phrasing "^1.0.0"
    mdast-util-to-string "^1.0.4"
    rehype-minify-whitespace "^2.0.3"
    trim-trailing-lines "^1.1.0"
    unist-util-visit "^1.1.1"
    xtend "^4.0.1"

hast-util-to-string@^1.0.0:
  version "1.0.1"
  resolved "https://registry.yarnpkg.com/hast-util-to-string/-/hast-util-to-string-1.0.1.tgz#b28055cdca012d3c8fd048757c8483d0de0d002c"
  integrity sha512-EC6awGe0ZMUNYmS2hMVaKZxvjVtQA4RhXjtgE20AxGG49MM7OUUfaHc6VcVYv2YwzNlrZQGe5teimCxW1Rk+fA==

hast-util-whitespace@^1.0.0:
  version "1.0.2"
  resolved "https://registry.yarnpkg.com/hast-util-whitespace/-/hast-util-whitespace-1.0.2.tgz#c97153a3fbc9091a14fd823830a47724e7a1da99"
  integrity sha512-4JT8B0HKPHBMFZdDQzexjxwhKx9TrpV/+uelvmqlPu8RqqDrnNIEHDtDZCmgE+4YmcFAtKVPLmnY3dQGRaN53A==

hastscript@^5.0.0:
  version "5.0.0"
  resolved "https://registry.yarnpkg.com/hastscript/-/hastscript-5.0.0.tgz#fee10382c1bc4ba3f1be311521d368c047d2c43a"
  integrity sha512-xJtuJ8D42Xtq5yJrnDg/KAIxl2cXBXKoiIJwmWX9XMf8113qHTGl/Bf7jEsxmENJ4w6q4Tfl8s/Y6mEZo8x8qw==
  dependencies:
    comma-separated-tokens "^1.0.0"
    hast-util-parse-selector "^2.2.0"
    property-information "^5.0.1"
    space-separated-tokens "^1.0.0"

html-void-elements@^1.0.0:
  version "1.0.3"
  resolved "https://registry.yarnpkg.com/html-void-elements/-/html-void-elements-1.0.3.tgz#956707dbecd10cf658c92c5d27fee763aa6aa982"
  integrity sha512-SaGhCDPXJVNrQyKMtKy24q6IMdXg5FCPN3z+xizxw9l+oXQw5fOoaj/ERU5KqWhSYhXtW5bWthlDbTDLBhJQrA==

html-whitespace-sensitive-tag-names@^1.0.0:
  version "1.0.0"
  resolved "https://registry.yarnpkg.com/html-whitespace-sensitive-tag-names/-/html-whitespace-sensitive-tag-names-1.0.0.tgz#fd6ed3a3d631ce29341aefe26a8fea720d3adfa7"
  integrity sha1-/W7To9Yxzik0Gu/iao/qcg0636c=

htmlparser2@^3.9.1:
  version "3.10.1"
  resolved "https://registry.yarnpkg.com/htmlparser2/-/htmlparser2-3.10.1.tgz#bd679dc3f59897b6a34bb10749c855bb53a9392f"
  integrity sha512-IgieNijUMbkDovyoKObU1DUhm1iwNYE/fuifEoEHfd1oZKZDaONBSkal7Y01shxsM49R4XaMdGez3WnF9UfiCQ==
  dependencies:
    domelementtype "^1.3.1"
    domhandler "^2.3.0"
    domutils "^1.5.1"
    entities "^1.1.1"
    inherits "^2.0.1"
    readable-stream "^3.1.1"

inherits@^2.0.1, inherits@^2.0.3:
  version "2.0.3"
  resolved "https://registry.yarnpkg.com/inherits/-/inherits-2.0.3.tgz#633c2c83e3da42a502f52466022480f4208261de"
  integrity sha1-Yzwsg+PaQqUC9SRmAiSA9CCCYd4=

is-alphabetical@^1.0.0:
  version "1.0.2"
  resolved "https://registry.yarnpkg.com/is-alphabetical/-/is-alphabetical-1.0.2.tgz#1fa6e49213cb7885b75d15862fb3f3d96c884f41"
  integrity sha512-V0xN4BYezDHcBSKb1QHUFMlR4as/XEuCZBzMJUU4n7+Cbt33SmUnSol+pnXFvLxSHNq2CemUXNdaXV6Flg7+xg==

is-alphanumeric@^1.0.0:
  version "1.0.0"
  resolved "https://registry.yarnpkg.com/is-alphanumeric/-/is-alphanumeric-1.0.0.tgz#4a9cef71daf4c001c1d81d63d140cf53fd6889f4"
  integrity sha1-Spzvcdr0wAHB2B1j0UDPU/1oifQ=

is-alphanumerical@^1.0.0:
  version "1.0.2"
  resolved "https://registry.yarnpkg.com/is-alphanumerical/-/is-alphanumerical-1.0.2.tgz#1138e9ae5040158dc6ff76b820acd6b7a181fd40"
  integrity sha512-pyfU/0kHdISIgslFfZN9nfY1Gk3MquQgUm1mJTjdkEPpkAKNWuBTSqFwewOpR7N351VkErCiyV71zX7mlQQqsg==
  dependencies:
    is-alphabetical "^1.0.0"
    is-decimal "^1.0.0"

is-buffer@^2.0.0:
  version "2.0.3"
  resolved "https://registry.yarnpkg.com/is-buffer/-/is-buffer-2.0.3.tgz#4ecf3fcf749cbd1e472689e109ac66261a25e725"
  integrity sha512-U15Q7MXTuZlrbymiz95PJpZxu8IlipAp4dtS3wOdgPXx3mqBnslrWU14kxfHB+Py/+2PVKSr37dMAgM2A4uArw==

is-decimal@^1.0.0:
  version "1.0.2"
  resolved "https://registry.yarnpkg.com/is-decimal/-/is-decimal-1.0.2.tgz#894662d6a8709d307f3a276ca4339c8fa5dff0ff"
  integrity sha512-TRzl7mOCchnhchN+f3ICUCzYvL9ul7R+TYOsZ8xia++knyZAJfv/uA1FvQXsAnYIl1T3B2X5E/J7Wb1QXiIBXg==

is-fullwidth-code-point@^2.0.0:
  version "2.0.0"
  resolved "https://registry.yarnpkg.com/is-fullwidth-code-point/-/is-fullwidth-code-point-2.0.0.tgz#a3b30a5c4f199183167aaab93beefae3ddfb654f"
  integrity sha1-o7MKXE8ZkYMWeqq5O+764937ZU8=

is-hexadecimal@^1.0.0:
  version "1.0.2"
  resolved "https://registry.yarnpkg.com/is-hexadecimal/-/is-hexadecimal-1.0.2.tgz#b6e710d7d07bb66b98cb8cece5c9b4921deeb835"
  integrity sha512-but/G3sapV3MNyqiDBLrOi4x8uCIw0RY3o/Vb5GT0sMFHrVV7731wFSVy41T5FO1og7G0gXLJh0MkgPRouko/A==

is-plain-obj@^1.1.0:
  version "1.1.0"
  resolved "https://registry.yarnpkg.com/is-plain-obj/-/is-plain-obj-1.1.0.tgz#71a50c8429dfca773c92a390a4a03b39fcd51d3e"
  integrity sha1-caUMhCnfync8kqOQpKA7OfzVHT4=

is-whitespace-character@^1.0.0:
  version "1.0.2"
  resolved "https://registry.yarnpkg.com/is-whitespace-character/-/is-whitespace-character-1.0.2.tgz#ede53b4c6f6fb3874533751ec9280d01928d03ed"
  integrity sha512-SzM+T5GKUCtLhlHFKt2SDAX2RFzfS6joT91F2/WSi9LxgFdsnhfPK/UIA+JhRR2xuyLdrCys2PiFDrtn1fU5hQ==

is-word-character@^1.0.0:
  version "1.0.2"
  resolved "https://registry.yarnpkg.com/is-word-character/-/is-word-character-1.0.2.tgz#46a5dac3f2a1840898b91e576cd40d493f3ae553"
  integrity sha512-T3FlsX8rCHAH8e7RE7PfOPZVFQlcV3XRF9eOOBQ1uf70OxO7CjjSOjeImMPCADBdYWcStAbVbYvJ1m2D3tb+EA==

lodash@^4.15.0:
  version "4.17.11"
  resolved "https://registry.yarnpkg.com/lodash/-/lodash-4.17.11.tgz#b39ea6229ef607ecd89e2c8df12536891cac9b8d"
  integrity sha512-cQKh8igo5QUhZ7lg38DYWAxMvjSAKG0A8wGSVimP07SIUEK2UO+arSRKbRZWtelMtN5V0Hkwh5ryOto/SshYIg==

longest-streak@^2.0.1:
  version "2.0.2"
  resolved "https://registry.yarnpkg.com/longest-streak/-/longest-streak-2.0.2.tgz#2421b6ba939a443bb9ffebf596585a50b4c38e2e"
  integrity sha512-TmYTeEYxiAmSVdpbnQDXGtvYOIRsCMg89CVZzwzc2o7GFL1CjoiRPjH5ec0NFAVlAx3fVof9dX/t6KKRAo2OWA==

markdown-escapes@^1.0.0:
  version "1.0.2"
  resolved "https://registry.yarnpkg.com/markdown-escapes/-/markdown-escapes-1.0.2.tgz#e639cbde7b99c841c0bacc8a07982873b46d2122"
  integrity sha512-lbRZ2mE3Q9RtLjxZBZ9+IMl68DKIXaVAhwvwn9pmjnPLS0h/6kyBMgNhqi1xFJ/2yv6cSyv0jbiZavZv93JkkA==

markdown-table@^1.1.0:
  version "1.1.2"
  resolved "https://registry.yarnpkg.com/markdown-table/-/markdown-table-1.1.2.tgz#c78db948fa879903a41bce522e3b96f801c63786"
  integrity sha512-NcWuJFHDA8V3wkDgR/j4+gZx+YQwstPgfQDV8ndUeWWzta3dnDTBxpVzqS9lkmJAuV5YX35lmyojl6HO5JXAgw==

mdast-util-compact@^1.0.0:
  version "1.0.2"
  resolved "https://registry.yarnpkg.com/mdast-util-compact/-/mdast-util-compact-1.0.2.tgz#c12ebe16fffc84573d3e19767726de226e95f649"
  integrity sha512-d2WS98JSDVbpSsBfVvD9TaDMlqPRz7ohM/11G0rp5jOBb5q96RJ6YLszQ/09AAixyzh23FeIpCGqfaamEADtWg==
  dependencies:
    unist-util-visit "^1.1.0"

mdast-util-definitions@^1.2.0:
  version "1.2.3"
  resolved "https://registry.yarnpkg.com/mdast-util-definitions/-/mdast-util-definitions-1.2.3.tgz#49f936b09207c45b438db19551652934312f04f0"
  integrity sha512-P6wpRO8YVQ1iv30maMc93NLh7COvufglBE8/ldcOyYmk5EbfF0YeqlLgtqP/FOBU501Kqar1x5wYWwB3Nga74g==
  dependencies:
    unist-util-visit "^1.0.0"

mdast-util-phrasing@^1.0.0:
  version "1.0.1"
  resolved "https://registry.yarnpkg.com/mdast-util-phrasing/-/mdast-util-phrasing-1.0.1.tgz#d5da139f5d7d537afa2d0ed9145d75ce842d30b8"
  integrity sha512-lG4pa5iyYbXoqL1enuEd8nNsbDZIc8wtBtJzlNcflW8AX7/ao+xQcLhp5eewtjBsvMe0fWGBvddlRNAGY6YlLw==
  dependencies:
    unist-util-is "^2.1.1"

mdast-util-to-hast@^4.0.0:
  version "4.0.0"
  resolved "https://registry.yarnpkg.com/mdast-util-to-hast/-/mdast-util-to-hast-4.0.0.tgz#d8467ce28ea73b4648667bc389aa39dfa9f67f18"
  integrity sha512-yOTZSxR1aPvWRUxVeLaLZ1sCYrK87x2Wusp1bDM/Ao2jETBhYUKITI3nHvgy+HkZW54HuCAhHnS0mTcbECD5Ig==
  dependencies:
    collapse-white-space "^1.0.0"
    detab "^2.0.0"
    mdast-util-definitions "^1.2.0"
    mdurl "^1.0.1"
    trim "0.0.1"
    trim-lines "^1.0.0"
    unist-builder "^1.0.1"
    unist-util-generated "^1.1.0"
    unist-util-position "^3.0.0"
    unist-util-visit "^1.1.0"
    xtend "^4.0.1"

mdast-util-to-string@^1.0.4:
  version "1.0.5"
  resolved "https://registry.yarnpkg.com/mdast-util-to-string/-/mdast-util-to-string-1.0.5.tgz#3552b05428af22ceda34f156afe62ec8e6d731ca"
  integrity sha512-2qLt/DEOo5F6nc2VFScQiHPzQ0XXcabquRJxKMhKte8nt42o08HUxNDPk7tt0YPxnWjAT11I1SYi0X0iPnfI5A==

mdurl@^1.0.1:
  version "1.0.1"
  resolved "https://registry.yarnpkg.com/mdurl/-/mdurl-1.0.1.tgz#fe85b2ec75a59037f2adfec100fd6c601761152e"
  integrity sha1-/oWy7HWlkDfyrf7BAP1sYBdhFS4=

nth-check@~1.0.1:
  version "1.0.2"
  resolved "https://registry.yarnpkg.com/nth-check/-/nth-check-1.0.2.tgz#b2bd295c37e3dd58a3bf0700376663ba4d9cf05c"
  integrity sha512-WeBOdju8SnzPN5vTUJYxYUxLeXpCaVP5i5e0LF8fg7WORF2Wd7wFX/pk0tYZk7s8T+J7VLy0Da6J1+wCT0AtHg==
  dependencies:
    boolbase "~1.0.0"

object-assign@^4.1.0:
  version "4.1.1"
  resolved "https://registry.yarnpkg.com/object-assign/-/object-assign-4.1.1.tgz#2109adc7965887cfc05cbbd442cac8bfbb360863"
  integrity sha1-IQmtx5ZYh8/AXLvUQsrIv7s2CGM=

once@^1.4.0:
  version "1.4.0"
  resolved "https://registry.yarnpkg.com/once/-/once-1.4.0.tgz#583b1aa775961d4b113ac17d9c50baef9dd76bd1"
  integrity sha1-WDsap3WWHUsROsF9nFC6753Xa9E=
  dependencies:
    wrappy "1"

parse-entities@^1.0.2, parse-entities@^1.1.0:
  version "1.2.1"
  resolved "https://registry.yarnpkg.com/parse-entities/-/parse-entities-1.2.1.tgz#2c761ced065ba7dc68148580b5a225e4918cdd69"
  integrity sha512-NBWYLQm1KSoDKk7GAHyioLTvCZ5QjdH/ASBBQTD3iLiAWJXS5bg1jEWI8nIJ+vgVvsceBVBcDGRWSo0KVQBvvg==
  dependencies:
    character-entities "^1.0.0"
    character-entities-legacy "^1.0.0"
    character-reference-invalid "^1.0.0"
    is-alphanumerical "^1.0.0"
    is-decimal "^1.0.0"
    is-hexadecimal "^1.0.0"

parse5@^3.0.1:
  version "3.0.3"
  resolved "https://registry.yarnpkg.com/parse5/-/parse5-3.0.3.tgz#042f792ffdd36851551cf4e9e066b3874ab45b5c"
  integrity sha512-rgO9Zg5LLLkfJF9E6CCmXlSE4UVceloys8JrFqCcHloC3usd/kJCyPDwH2SOlzix2j3xaP9sUX3e8+kvkuleAA==
  dependencies:
    "@types/node" "*"

parse5@^5.0.0:
  version "5.1.0"
  resolved "https://registry.yarnpkg.com/parse5/-/parse5-5.1.0.tgz#c59341c9723f414c452975564c7c00a68d58acd2"
  integrity sha512-fxNG2sQjHvlVAYmzBZS9YlDp6PTSSDwa98vkD4QgVDDCAo84z5X1t5XyJQ62ImdLXx5NdIIfihey6xpum9/gRQ==

property-information@^5.0.0, property-information@^5.0.1:
  version "5.0.1"
  resolved "https://registry.yarnpkg.com/property-information/-/property-information-5.0.1.tgz#c3b09f4f5750b1634c0b24205adbf78f18bdf94f"
  integrity sha512-nAtBDVeSwFM3Ot/YxT7s4NqZmqXI7lLzf46BThvotEtYf2uk2yH0ACYuWQkJ7gxKs49PPtKVY0UlDGkyN9aJlw==
  dependencies:
    xtend "^4.0.1"

readable-stream@^3.1.1:
  version "3.3.0"
  resolved "https://registry.yarnpkg.com/readable-stream/-/readable-stream-3.3.0.tgz#cb8011aad002eb717bf040291feba8569c986fb9"
  integrity sha512-EsI+s3k3XsW+fU8fQACLN59ky34AZ14LoeVZpYwmZvldCFo0r0gnelwF2TcMjLor/BTL5aDJVBMkss0dthToPw==
  dependencies:
    inherits "^2.0.3"
    string_decoder "^1.1.1"
    util-deprecate "^1.0.1"

rehype-document@^3.0.0:
  version "3.0.0"
  resolved "https://registry.yarnpkg.com/rehype-document/-/rehype-document-3.0.0.tgz#1feb359e072d0fd026d6801094f67553566d3e56"
  integrity sha512-aPGoutPIhN2Ou6hAPUf08OI5rRCETActJj5az8qDt7lFk5oB5cmZCEhdhF2/sRaktGuXi2F/ZP1rrazg5jpLHA==
  dependencies:
    doctype "^2.0.0"
    hastscript "^5.0.0"
    unist-builder "^1.0.1"

rehype-format@^2.3.1:
  version "2.3.1"
  resolved "https://registry.yarnpkg.com/rehype-format/-/rehype-format-2.3.1.tgz#958925cc7e329a9126a26e96d1ec117b86fbc66d"
  integrity sha512-BnMp0DIaDqkGqTvU5C88pSHIKgU4Ryfz6KMRLtro4mIJ0dSgJGHx0b/9FnX9n8TIot1zmAxvB90YilHrB4Yd0w==
  dependencies:
    hast-util-embedded "^1.0.1"
    hast-util-phrasing "^1.0.0"
    html-whitespace-sensitive-tag-names "^1.0.0"
    rehype-minify-whitespace "^2.0.0"
    repeat-string "^1.5.4"
    unist-util-visit-parents "^2.0.0"

rehype-minify-whitespace@^2.0.0, rehype-minify-whitespace@^2.0.3:
  version "2.0.3"
  resolved "https://registry.yarnpkg.com/rehype-minify-whitespace/-/rehype-minify-whitespace-2.0.3.tgz#9aef3b73d0dfbcf890844d10d8f45fd5bdf145ec"
  integrity sha512-KzOH3F92J7Wvr3WuaqSO69FuN+vwbitVYxdSolLXrwLwdo67VXn/qSYGR7gnYDJKgfm/+m3l8hZHY43Zg+YscQ==
  dependencies:
    collapse-white-space "^1.0.0"
    hast-util-embedded "^1.0.0"
    hast-util-has-property "^1.0.0"
    hast-util-is-body-ok-link "^1.0.0"
    hast-util-is-element "^1.0.0"
    html-whitespace-sensitive-tag-names "^1.0.0"
    unist-util-is "^2.0.0"
    unist-util-modify-children "^1.0.0"

rehype-parse@^6.0.0:
  version "6.0.0"
  resolved "https://registry.yarnpkg.com/rehype-parse/-/rehype-parse-6.0.0.tgz#f681555f2598165bee2c778b39f9073d17b16bca"
  integrity sha512-V2OjMD0xcSt39G4uRdMTqDXXm6HwkUbLMDayYKA/d037j8/OtVSQ+tqKwYWOuyBeoCs/3clXRe30VUjeMDTBSA==
  dependencies:
    hast-util-from-parse5 "^5.0.0"
    parse5 "^5.0.0"
    xtend "^4.0.1"

rehype-remark@^5.0.1:
  version "5.0.1"
  resolved "https://registry.yarnpkg.com/rehype-remark/-/rehype-remark-5.0.1.tgz#dc42cb79fa9585ed63ec8a697bfb15bc2b019cc2"
  integrity sha512-hwiJsQ4eDuJhQfflIuwJcEB4FhQM9u19KpRJOWvTENtxXobNl7rKF2ECqYpFqVpG1jE1XtcaJqvcpZmgY5X3zQ==
  dependencies:
    hast-util-to-mdast "^4.0.0"

rehype-stringify@^5.0.0:
  version "5.0.0"
  resolved "https://registry.yarnpkg.com/rehype-stringify/-/rehype-stringify-5.0.0.tgz#f66780704824ed31b8945ac1b19093a5dab0efd3"
  integrity sha512-uQVzP/eLMM6kdM5Myo0mt5rrb5ntCAxFGNobtzMTTdL1+hqc6WNVxB9uwZyckm54qz/0SnDkzgvCV0/AZy4wCw==
  dependencies:
    hast-util-to-html "^5.0.0"
    xtend "^4.0.1"

remark-html@^9.0.0:
  version "9.0.0"
  resolved "https://registry.yarnpkg.com/remark-html/-/remark-html-9.0.0.tgz#0f3ef91e0e433f9ffc10aaa752655231f607b37f"
  integrity sha512-dIO+tZj7XIBqz2UngJ57sGrtbM0dVvruD/R/lk/JQC5U0dSmCNO1liC1H2Cz537rT19EDmdbLxjIaYW2L7ctiQ==
  dependencies:
    hast-util-sanitize "^1.0.0"
    hast-util-to-html "^5.0.0"
    mdast-util-to-hast "^4.0.0"
    xtend "^4.0.1"

remark-parse@^6.0.3:
  version "6.0.3"
  resolved "https://registry.yarnpkg.com/remark-parse/-/remark-parse-6.0.3.tgz#c99131052809da482108413f87b0ee7f52180a3a"
  integrity sha512-QbDXWN4HfKTUC0hHa4teU463KclLAnwpn/FBn87j9cKYJWWawbiLgMfP2Q4XwhxxuuuOxHlw+pSN0OKuJwyVvg==
  dependencies:
    collapse-white-space "^1.0.2"
    is-alphabetical "^1.0.0"
    is-decimal "^1.0.0"
    is-whitespace-character "^1.0.0"
    is-word-character "^1.0.0"
    markdown-escapes "^1.0.0"
    parse-entities "^1.1.0"
    repeat-string "^1.5.4"
    state-toggle "^1.0.0"
    trim "0.0.1"
    trim-trailing-lines "^1.0.0"
    unherit "^1.0.4"
    unist-util-remove-position "^1.0.0"
    vfile-location "^2.0.0"
    xtend "^4.0.1"

remark-rehype@^4.0.0:
  version "4.0.0"
  resolved "https://registry.yarnpkg.com/remark-rehype/-/remark-rehype-4.0.0.tgz#b9c8ae687e311eead584742439e028497b7aebe8"
  integrity sha512-SwrU3EhLbFSZCp8xFb56B7+LkN1aIdXmu4hEAwyX/27r65oZsNGSV4Rl7kJZl0oF7Gz+Z5iQXZl6tQxJNc4gYQ==
  dependencies:
    mdast-util-to-hast "^4.0.0"

remark-stringify@^6.0.4:
  version "6.0.4"
  resolved "https://registry.yarnpkg.com/remark-stringify/-/remark-stringify-6.0.4.tgz#16ac229d4d1593249018663c7bddf28aafc4e088"
  integrity sha512-eRWGdEPMVudijE/psbIDNcnJLRVx3xhfuEsTDGgH4GsFF91dVhw5nhmnBppafJ7+NWINW6C7ZwWbi30ImJzqWg==
  dependencies:
    ccount "^1.0.0"
    is-alphanumeric "^1.0.0"
    is-decimal "^1.0.0"
    is-whitespace-character "^1.0.0"
    longest-streak "^2.0.1"
    markdown-escapes "^1.0.0"
    markdown-table "^1.1.0"
    mdast-util-compact "^1.0.0"
    parse-entities "^1.0.2"
    repeat-string "^1.5.4"
    state-toggle "^1.0.0"
    stringify-entities "^1.0.1"
    unherit "^1.0.4"
    xtend "^4.0.1"

repeat-string@^1.5.0, repeat-string@^1.5.4:
  version "1.6.1"
  resolved "https://registry.yarnpkg.com/repeat-string/-/repeat-string-1.6.1.tgz#8dcae470e1c88abc2d600fff4a776286da75e637"
  integrity sha1-jcrkcOHIirwtYA//Sndihtp15jc=

replace-ext@1.0.0:
  version "1.0.0"
  resolved "https://registry.yarnpkg.com/replace-ext/-/replace-ext-1.0.0.tgz#de63128373fcbf7c3ccfa4de5a480c45a67958eb"
  integrity sha1-3mMSg3P8v3w8z6TeWkgMRaZ5WOs=

safe-buffer@~5.1.0:
  version "5.1.2"
  resolved "https://registry.yarnpkg.com/safe-buffer/-/safe-buffer-5.1.2.tgz#991ec69d296e0313747d59bdfd2b745c35f8828d"
  integrity sha512-Gd2UZBJDkXlY7GbJxfsE8/nvKkUEU1G38c1siN6QP6a9PT9MmHB8GnpscSmMJSoF8LOIrt8ud/wPtojys4G6+g==

space-separated-tokens@^1.0.0, space-separated-tokens@^1.1.2:
  version "1.1.2"
  resolved "https://registry.yarnpkg.com/space-separated-tokens/-/space-separated-tokens-1.1.2.tgz#e95ab9d19ae841e200808cd96bc7bd0adbbb3412"
  integrity sha512-G3jprCEw+xFEs0ORweLmblJ3XLymGGr6hxZYTYZjIlvDti9vOBUjRQa1Rzjt012aRrocKstHwdNi+F7HguPsEA==
  dependencies:
    trim "0.0.1"

state-toggle@^1.0.0:
  version "1.0.1"
  resolved "https://registry.yarnpkg.com/state-toggle/-/state-toggle-1.0.1.tgz#c3cb0974f40a6a0f8e905b96789eb41afa1cde3a"
  integrity sha512-Qe8QntFrrpWTnHwvwj2FZTgv+PKIsp0B9VxLzLLbSpPXWOgRgc5LVj/aTiSfK1RqIeF9jeC1UeOH8Q8y60A7og==

string-width@^2.0.0:
  version "2.1.1"
  resolved "https://registry.yarnpkg.com/string-width/-/string-width-2.1.1.tgz#ab93f27a8dc13d28cac815c462143a6d9012ae9e"
  integrity sha512-nOqH59deCq9SRHlxq1Aw85Jnt4w6KvLKqWVik6oA9ZklXLNIOlqg4F2yrT1MVaTjAqvVwdfeZ7w7aCvJD7ugkw==
  dependencies:
    is-fullwidth-code-point "^2.0.0"
    strip-ansi "^4.0.0"

string_decoder@^1.1.1:
  version "1.2.0"
  resolved "https://registry.yarnpkg.com/string_decoder/-/string_decoder-1.2.0.tgz#fe86e738b19544afe70469243b2a1ee9240eae8d"
  integrity sha512-6YqyX6ZWEYguAxgZzHGL7SsCeGx3V2TtOTqZz1xSTSWnqsbWwbptafNyvf/ACquZUXV3DANr5BDIwNYe1mN42w==
  dependencies:
    safe-buffer "~5.1.0"

stringify-entities@^1.0.1:
  version "1.3.2"
  resolved "https://registry.yarnpkg.com/stringify-entities/-/stringify-entities-1.3.2.tgz#a98417e5471fd227b3e45d3db1861c11caf668f7"
  integrity sha512-nrBAQClJAPN2p+uGCVJRPIPakKeKWZ9GtBCmormE7pWOSlHat7+x5A8gx85M7HM5Dt0BP3pP5RhVW77WdbJJ3A==
  dependencies:
    character-entities-html4 "^1.0.0"
    character-entities-legacy "^1.0.0"
    is-alphanumerical "^1.0.0"
    is-hexadecimal "^1.0.0"

strip-ansi@^4.0.0:
  version "4.0.0"
  resolved "https://registry.yarnpkg.com/strip-ansi/-/strip-ansi-4.0.0.tgz#a8479022eb1ac368a871389b635262c505ee368f"
  integrity sha1-qEeQIusaw2iocTibY1JixQXuNo8=
  dependencies:
    ansi-regex "^3.0.0"

supports-color@^5.4.0:
  version "5.5.0"
  resolved "https://registry.yarnpkg.com/supports-color/-/supports-color-5.5.0.tgz#e2e69a44ac8772f78a1ec0b35b689df6530efc8f"
  integrity sha512-QjVjwdXIt408MIiAqCX4oUKsgU2EqAGzs2Ppkm4aQYbjm+ZEWEcW4SfFNTr4uMNZma0ey4f5lgLrkB0aX0QMow==
  dependencies:
    has-flag "^3.0.0"

to-vfile@^5.0.2:
  version "5.0.2"
  resolved "https://registry.yarnpkg.com/to-vfile/-/to-vfile-5.0.2.tgz#7d402dd8dbe822cb80b924d4f13a56ee00ed8e49"
  integrity sha512-Gp2q0HCUR+4At6c6mvFKug75NP/8Cu5r7ONvEcJJPBGiDT4HeLBrRnPKJbOe84nHJqYhIah2y367Tr2+IUkwMA==
  dependencies:
    is-buffer "^2.0.0"
    vfile "^3.0.0"

trim-lines@^1.0.0:
  version "1.1.1"
  resolved "https://registry.yarnpkg.com/trim-lines/-/trim-lines-1.1.1.tgz#da738ff58fa74817588455e30b11b85289f2a396"
  integrity sha512-X+eloHbgJGxczUk1WSjIvn7aC9oN3jVE3rQfRVKcgpavi3jxtCn0VVKtjOBj64Yop96UYn/ujJRpTbCdAF1vyg==

trim-trailing-lines@^1.0.0, trim-trailing-lines@^1.1.0:
  version "1.1.1"
  resolved "https://registry.yarnpkg.com/trim-trailing-lines/-/trim-trailing-lines-1.1.1.tgz#e0ec0810fd3c3f1730516b45f49083caaf2774d9"
  integrity sha512-bWLv9BbWbbd7mlqqs2oQYnLD/U/ZqeJeJwbO0FG2zA1aTq+HTvxfHNKFa/HGCVyJpDiioUYaBhfiT6rgk+l4mg==

trim@0.0.1:
  version "0.0.1"
  resolved "https://registry.yarnpkg.com/trim/-/trim-0.0.1.tgz#5858547f6b290757ee95cccc666fb50084c460dd"
  integrity sha1-WFhUf2spB1fulczMZm+1AITEYN0=

trough@^1.0.0:
  version "1.0.3"
  resolved "https://registry.yarnpkg.com/trough/-/trough-1.0.3.tgz#e29bd1614c6458d44869fc28b255ab7857ef7c24"
  integrity sha512-fwkLWH+DimvA4YCy+/nvJd61nWQQ2liO/nF/RjkTpiOGi+zxZzVkhb1mvbHIIW4b/8nDsYI8uTmAlc0nNkRMOw==

unherit@^1.0.4:
  version "1.1.1"
  resolved "https://registry.yarnpkg.com/unherit/-/unherit-1.1.1.tgz#132748da3e88eab767e08fabfbb89c5e9d28628c"
  integrity sha512-+XZuV691Cn4zHsK0vkKYwBEwB74T3IZIcxrgn2E4rKwTfFyI1zCh7X7grwh9Re08fdPlarIdyWgI8aVB3F5A5g==
  dependencies:
    inherits "^2.0.1"
    xtend "^4.0.1"

unified-stream@^1.0.4:
  version "1.0.4"
  resolved "https://registry.yarnpkg.com/unified-stream/-/unified-stream-1.0.4.tgz#f0beffe1a8d7f3f9772e549828e5a6bd7474bab3"
  integrity sha512-00yTNP32NnqdhOt4a8k0Q8bTsG29+n5C2T7vQrmw7orHtPdhq84jPVbYtIxHHczVMA5bOOZpRjvy8SOFqzB/+A==
  dependencies:
    once "^1.4.0"

unified@^7.1.0:
  version "7.1.0"
  resolved "https://registry.yarnpkg.com/unified/-/unified-7.1.0.tgz#5032f1c1ee3364bd09da12e27fdd4a7553c7be13"
  integrity sha512-lbk82UOIGuCEsZhPj8rNAkXSDXd6p0QLzIuSsCdxrqnqU56St4eyOB+AlXsVgVeRmetPTYydIuvFfpDIed8mqw==
  dependencies:
    "@types/unist" "^2.0.0"
    "@types/vfile" "^3.0.0"
    bail "^1.0.0"
    extend "^3.0.0"
    is-plain-obj "^1.1.0"
    trough "^1.0.0"
    vfile "^3.0.0"
    x-is-string "^0.1.0"

unist-builder@^1.0.1:
  version "1.0.3"
  resolved "https://registry.yarnpkg.com/unist-builder/-/unist-builder-1.0.3.tgz#ab0f9d0f10936b74f3e913521955b0478e0ff036"
  integrity sha512-/KB8GEaoeHRyIqClL+Kam+Y5NWJ6yEiPsAfv1M+O1p+aKGgjR89WwoEHKTyOj17L6kAlqtKpAgv2nWvdbQDEig==
  dependencies:
    object-assign "^4.1.0"

unist-util-generated@^1.1.0:
  version "1.1.3"
  resolved "https://registry.yarnpkg.com/unist-util-generated/-/unist-util-generated-1.1.3.tgz#ca650470aef2fbcc5fe54c465bc26b41ca109e2b"
  integrity sha512-qlPeDqnQnd84KIqwphzOR+l02cxjDzvEYEBl84EjmKRrX4eUmjyAo8xJv1SCDhJqNjyHRnBMZWNKAiBtXE6hBg==

unist-util-is@^2.0.0, unist-util-is@^2.1.1, unist-util-is@^2.1.2:
  version "2.1.2"
  resolved "https://registry.yarnpkg.com/unist-util-is/-/unist-util-is-2.1.2.tgz#1193fa8f2bfbbb82150633f3a8d2eb9a1c1d55db"
  integrity sha512-YkXBK/H9raAmG7KXck+UUpnKiNmUdB+aBGrknfQ4EreE1banuzrKABx3jP6Z5Z3fMSPMQQmeXBlKpCbMwBkxVw==

unist-util-modify-children@^1.0.0:
  version "1.1.3"
  resolved "https://registry.yarnpkg.com/unist-util-modify-children/-/unist-util-modify-children-1.1.3.tgz#d764a935f612dfb21b1bb92b0ea24321dc19a5f7"
  integrity sha512-Aw3Us+NPrJGYWyLhcaqYzgxd/pryIanDNHVVvwdtTEEQ3Yfa/+sjnT2EeAAHbtTMAaYEdPW3XN6jxbzVWAo/BQ==
  dependencies:
    array-iterate "^1.0.0"

unist-util-position@^3.0.0:
  version "3.0.2"
  resolved "https://registry.yarnpkg.com/unist-util-position/-/unist-util-position-3.0.2.tgz#80ad4a05efc4ab01a66886cc70493893ba73c5eb"
  integrity sha512-npmFu92l/+b1Ao6uGP4I1WFz9hsKv7qleZ4aliw6x0RVu6A9A3tAf57NMpFfzQ02jxRtJZuRn+C8xWT7GWnH0g==

unist-util-remove-position@^1.0.0:
  version "1.1.2"
  resolved "https://registry.yarnpkg.com/unist-util-remove-position/-/unist-util-remove-position-1.1.2.tgz#86b5dad104d0bbfbeb1db5f5c92f3570575c12cb"
  integrity sha512-XxoNOBvq1WXRKXxgnSYbtCF76TJrRoe5++pD4cCBsssSiWSnPEktyFrFLE8LTk3JW5mt9hB0Sk5zn4x/JeWY7Q==
  dependencies:
    unist-util-visit "^1.1.0"

unist-util-stringify-position@^1.0.0, unist-util-stringify-position@^1.1.1:
  version "1.1.2"
  resolved "https://registry.yarnpkg.com/unist-util-stringify-position/-/unist-util-stringify-position-1.1.2.tgz#3f37fcf351279dcbca7480ab5889bb8a832ee1c6"
  integrity sha512-pNCVrk64LZv1kElr0N1wPiHEUoXNVFERp+mlTg/s9R5Lwg87f9bM/3sQB99w+N9D/qnM9ar3+AKDBwo/gm/iQQ==

unist-util-visit-parents@^2.0.0:
  version "2.0.1"
  resolved "https://registry.yarnpkg.com/unist-util-visit-parents/-/unist-util-visit-parents-2.0.1.tgz#63fffc8929027bee04bfef7d2cce474f71cb6217"
  integrity sha512-6B0UTiMfdWql4cQ03gDTCSns+64Zkfo2OCbK31Ov0uMizEz+CJeAp0cgZVb5Fhmcd7Bct2iRNywejT0orpbqUA==
  dependencies:
    unist-util-is "^2.1.2"

unist-util-visit@^1.0.0, unist-util-visit@^1.1.0, unist-util-visit@^1.1.1:
  version "1.4.0"
  resolved "https://registry.yarnpkg.com/unist-util-visit/-/unist-util-visit-1.4.0.tgz#1cb763647186dc26f5e1df5db6bd1e48b3cc2fb1"
  integrity sha512-FiGu34ziNsZA3ZUteZxSFaczIjGmksfSgdKqBfOejrrfzyUy5b7YrlzT1Bcvi+djkYDituJDy2XB7tGTeBieKw==
  dependencies:
    unist-util-visit-parents "^2.0.0"

util-deprecate@^1.0.1:
  version "1.0.2"
  resolved "https://registry.yarnpkg.com/util-deprecate/-/util-deprecate-1.0.2.tgz#450d4dc9fa70de732762fbd2d4a28981419a0ccf"
  integrity sha1-RQ1Nyfpw3nMnYvvS1KKJgUGaDM8=

vfile-location@^2.0.0:
  version "2.0.4"
  resolved "https://registry.yarnpkg.com/vfile-location/-/vfile-location-2.0.4.tgz#2a5e7297dd0d9e2da4381464d04acc6b834d3e55"
  integrity sha512-KRL5uXQPoUKu+NGvQVL4XLORw45W62v4U4gxJ3vRlDfI9QsT4ZN1PNXn/zQpKUulqGDpYuT0XDfp5q9O87/y/w==

vfile-message@^1.0.0:
  version "1.1.1"
  resolved "https://registry.yarnpkg.com/vfile-message/-/vfile-message-1.1.1.tgz#5833ae078a1dfa2d96e9647886cd32993ab313e1"
  integrity sha512-1WmsopSGhWt5laNir+633LszXvZ+Z/lxveBf6yhGsqnQIhlhzooZae7zV6YVM1Sdkw68dtAW3ow0pOdPANugvA==
  dependencies:
    unist-util-stringify-position "^1.1.1"

vfile-reporter@^5.1.1:
  version "5.1.1"
  resolved "https://registry.yarnpkg.com/vfile-reporter/-/vfile-reporter-5.1.1.tgz#419688c7e9dcaf65ba81bfdb0ad443e9e0248e09"
  integrity sha512-A/cfKvfVmeEmAKx1yyOWggCjC/k184Vkl5pVJAw5CEdppHd5FHBVcdyJ1JBSqIdJjJqyhZY4ZD3JycHr/uwmlA==
  dependencies:
    repeat-string "^1.5.0"
    string-width "^2.0.0"
    supports-color "^5.4.0"
    unist-util-stringify-position "^1.0.0"
    vfile-sort "^2.1.2"
    vfile-statistics "^1.1.0"

vfile-sort@^2.1.2:
  version "2.2.0"
  resolved "https://registry.yarnpkg.com/vfile-sort/-/vfile-sort-2.2.0.tgz#383a8727ec4c5daf37c05683684a5eb686366d39"
  integrity sha512-RgxLXVWrJBWb2GuP8FsSkqK7HmbjXjnI8qx3nD6NTWhsWaelaKvJuxfh1F1d1lkCPD7imo4zzi8cf6IOMgaTnQ==

vfile-statistics@^1.1.0:
  version "1.1.2"
  resolved "https://registry.yarnpkg.com/vfile-statistics/-/vfile-statistics-1.1.2.tgz#c50132627e4669a3afa07c64ff1e7aa7695e8151"
  integrity sha512-16wAC9eEGXdsD35LX9m/iXCRIZyX5LIrDgDtAF92rbATSqsBRbC4n05e0Rj5vt3XRpcKu0UJeWnTxWsSyvNZ+w==

vfile@^3.0.0:
  version "3.0.1"
  resolved "https://registry.yarnpkg.com/vfile/-/vfile-3.0.1.tgz#47331d2abe3282424f4a4bb6acd20a44c4121803"
  integrity sha512-y7Y3gH9BsUSdD4KzHsuMaCzRjglXN0W2EcMf0gpvu6+SbsGhMje7xDc8AEoeXy6mIwCKMI6BkjMsRjzQbhMEjQ==
  dependencies:
    is-buffer "^2.0.0"
    replace-ext "1.0.0"
    unist-util-stringify-position "^1.0.0"
    vfile-message "^1.0.0"

web-namespaces@^1.1.2:
  version "1.1.2"
  resolved "https://registry.yarnpkg.com/web-namespaces/-/web-namespaces-1.1.2.tgz#c8dc267ab639505276bae19e129dbd6ae72b22b4"
  integrity sha512-II+n2ms4mPxK+RnIxRPOw3zwF2jRscdJIUE9BfkKHm4FYEg9+biIoTMnaZF5MpemE3T+VhMLrhbyD4ilkPCSbg==

wrappy@1:
  version "1.0.2"
  resolved "https://registry.yarnpkg.com/wrappy/-/wrappy-1.0.2.tgz#b5243d8f3ec1aa35f1364605bc0d1036e30ab69f"
  integrity sha1-tSQ9jz7BqjXxNkYFvA0QNuMKtp8=

x-is-string@^0.1.0:
  version "0.1.0"
  resolved "https://registry.yarnpkg.com/x-is-string/-/x-is-string-0.1.0.tgz#474b50865af3a49a9c4657f05acd145458f77d82"
  integrity sha1-R0tQhlrzpJqcRlfwWs0UVFj3fYI=

xtend@^4.0.1:
  version "4.0.1"
  resolved "https://registry.yarnpkg.com/xtend/-/xtend-4.0.1.tgz#a5c6d532be656e23db820efb943a1f04998d63af"
  integrity sha1-pcbVMr5lbiPbgg77lDofBJmNY68=
